{
  "name": "npm-learn-consumer",
  "version": "1.0.0",
  "lockfileVersion": 1,
  "requires": true,
  "dependencies": {
    "@nattwasm/npm-learn": {
      "version": "1.0.4",
      "resolved": "https://npm.pkg.github.com/download/@nattwasm/npm-learn/1.0.4/4710aad5ea2a85bf08219b0022c60b08807cb93d7016d234bc022f1a5a9b977e",
      "integrity": "sha512-51iHtvme5d7yN9GocERP8RDGW5rQk7IVpMa05/v00PbUn+22PZf5zkh72YhhJuEF3juozrnYrninqTCZsHFu5A=="
    }
  }
}
